
Microsoft Visual Studio Solution File, Format Version 12.00
# Visual Studio Version 17
VisualStudioVersion = 17.6.33829.357
MinimumVisualStudioVersion = 10.0.40219.1
Project("{FAE04EC0-301F-11D3-BF4B-00C04F79EFBC}") = "02. SquareRoot", "00. Demo\02. SquareRoot.csproj", "{79CDFD3E-AE1F-4DDA-8503-6F2C58D003D8}"
EndProject
Project("{FAE04EC0-301F-11D3-BF4B-00C04F79EFBC}") = "01. EnterNumbers", "01. EnterNumbers\01. EnterNumbers.csproj", "{54328953-DD52-4B87-9A4A-4DAB412E85A2}"
EndProject
Project("{FAE04EC0-301F-11D3-BF4B-00C04F79EFBC}") = "03. SumOfIntegers", "03. SumOfIntegers\03. SumOfIntegers.csproj", "{22BF8A77-FE04-4908-8449-B758607654FF}"
EndProject
Global
	GlobalSection(SolutionConfigurationPlatforms) = preSolution
		Debug|Any CPU = Debug|Any CPU
		Release|Any CPU = Release|Any CPU
	EndGlobalSection
	GlobalSection(ProjectConfigurationPlatforms) = postSolution
		{79CDFD3E-AE1F-4DDA-8503-6F2C58D003D8}.Debug|Any CPU.ActiveCfg = Debug|Any CPU
		{79CDFD3E-AE1F-4DDA-8503-6F2C58D003D8}.Debug|Any CPU.Build.0 = Debug|Any CPU
		{79CDFD3E-AE1F-4DDA-8503-6F2C58D003D8}.Release|Any CPU.ActiveCfg = Release|Any CPU
		{79CDFD3E-AE1F-4DDA-8503-6F2C58D003D8}.Release|Any CPU.Build.0 = Release|Any CPU
		{54328953-DD52-4B87-9A4A-4DAB412E85A2}.Debug|Any CPU.ActiveCfg = Debug|Any CPU
		{54328953-DD52-4B87-9A4A-4DAB412E85A2}.Debug|Any CPU.Build.0 = Debug|Any CPU
		{54328953-DD52-4B87-9A4A-4DAB412E85A2}.Release|Any CPU.ActiveCfg = Release|Any CPU
		{54328953-DD52-4B87-9A4A-4DAB412E85A2}.Release|Any CPU.Build.0 = Release|Any CPU
		{22BF8A77-FE04-4908-8449-B758607654FF}.Debug|Any CPU.ActiveCfg = Debug|Any CPU
		{22BF8A77-FE04-4908-8449-B758607654FF}.Debug|Any CPU.Build.0 = Debug|Any CPU
		{22BF8A77-FE04-4908-8449-B758607654FF}.Release|Any CPU.ActiveCfg = Release|Any CPU
		{22BF8A77-FE04-4908-8449-B758607654FF}.Release|Any CPU.Build.0 = Release|Any CPU
	EndGlobalSection
	GlobalSection(SolutionProperties) = preSolution
		HideSolutionNode = FALSE
	EndGlobalSection
	GlobalSection(ExtensibilityGlobals) = postSolution
		SolutionGuid = {EDE95C7B-0FE6-478E-BCB8-B6C6040F3270}
	EndGlobalSection
EndGlobal
